{
  "name": "toonkit",
  "version": "2.0.0",
  "lockfileVersion": 3,
  "requires": true,
  "packages": {
    "": {
      "name": "toonkit",
      "version": "2.0.0",
      "license": "MIT",
      "devDependencies": {
        "csstype": "^3.2.3",
        "typescript": "^5.0.0",
        "undici-types": "^8.0.0"
      },
      "engines": {
        "node": ">=14"
      },
      "funding": {
        "type": "github",
        "url": "https://github.com/sponsors/ManojGowda89"
      }
    },
    "node_modules/csstype": {
      "version": "3.2.3",
      "resolved": "https://registry.npmjs.org/csstype/-/csstype-3.2.3.tgz",
      "integrity": "sha512-z1HGKcYy2xA8AGQfwrn0PAy+PB7X/GSj3UVJW9qKyn43xWa+gl5nXmU4qqLMRzWVLFC8KusUX8T/0kCiOYpAIQ==",
      "dev": true,
      "license": "MIT"
    },
    "node_modules/typescript": {
      "version": "5.9.3",
      "resolved": "https://registry.npmjs.org/typescript/-/typescript-5.9.3.tgz",
      "integrity": "sha512-jl1vZzPDinLr9eUt3J/t7V6FgNEw9QjvBPdysz9KfQDD41fQrC2Y4vKQdiaUpFT4bXlb1RHhLpp8wtm6M5TgSw==",
      "dev": true,
      "license": "Apache-2.0",
      "bin": {
        "tsc": "bin/tsc",
        "tsserver": "bin/tsserver"
      },
      "engines": {
        "node": ">=14.17"
      }
    },
    "node_modules/undici-types": {
      "version": "8.0.0",
      "resolved": "https://registry.npmjs.org/undici-types/-/undici-types-8.0.0.tgz",
      "integrity": "sha512-qsgbPOxAPkJq6rpQX7HmlRrGdeqVxvA6WXNk2S72g/V0VuRFnp193p5ydeudMbVdzAcFQB0gRP2ZC1omvWXPJQ==",
      "dev": true,
      "license": "MIT"
    }
  }
}
